
Microsoft Visual Studio Solution File, Format Version 12.00
# Visual Studio Version 16
VisualStudioVersion = 16.0.30204.135
MinimumVisualStudioVersion = 10.0.40219.1
Project("{9A19103F-16F7-4668-BE54-9A1E7A4F7556}") = "Chapter_0001", "Chapter_0001\Chapter_0001.csproj", "{16D3F35C-BD0F-4F14-A3DC-0AA0B2E2E08C}"
EndProject
Project("{9A19103F-16F7-4668-BE54-9A1E7A4F7556}") = "Chapter_0002", "Chapter_0002\Chapter_0002.csproj", "{01AE7B52-057D-42C6-9456-6B724ADD6A8A}"
EndProject
Project("{9A19103F-16F7-4668-BE54-9A1E7A4F7556}") = "Chapter_0003", "Chapter_0003\Chapter_0003.csproj", "{154A82CC-1A19-4508-95B7-5B44B7D19B05}"
EndProject
Project("{9A19103F-16F7-4668-BE54-9A1E7A4F7556}") = "Chapter_0004", "Chapter_0004\Chapter_0004.csproj", "{DED360FD-56D3-42D8-8992-C1ABA24F8539}"
EndProject
Project("{9A19103F-16F7-4668-BE54-9A1E7A4F7556}") = "Chapter_0005", "Chapter_0005\Chapter_0005.csproj", "{F16152EC-C8EF-4312-8DD2-9EF299E85F42}"
EndProject
Project("{9A19103F-16F7-4668-BE54-9A1E7A4F7556}") = "Chapter_0006", "Chapter_0006\Chapter_0006.csproj", "{F4C31B84-5470-44E8-AE29-7BEF9F66CEBB}"
EndProject
Project("{9A19103F-16F7-4668-BE54-9A1E7A4F7556}") = "Chapter_0007", "Chapter_0007\Chapter_0007.csproj", "{B56B3EA1-D841-4F8E-AEB8-4578C64BBC1E}"
EndProject
Project("{9A19103F-16F7-4668-BE54-9A1E7A4F7556}") = "Chapter_0008", "Chapter_0008\Chapter_0008.csproj", "{5AFBEFA5-36F3-4C90-9903-A0BFE3E86E55}"
EndProject
Project("{9A19103F-16F7-4668-BE54-9A1E7A4F7556}") = "Chapter_0009", "Chapter_0009\Chapter_0009.csproj", "{498C55E2-32C1-411F-8A18-745903D8F501}"
EndProject
Project("{9A19103F-16F7-4668-BE54-9A1E7A4F7556}") = "Chapter_0010", "Chapter_0010\Chapter_0010.csproj", "{F0833B88-63F7-48A2-BF50-978FB374A059}"
EndProject
Project("{9A19103F-16F7-4668-BE54-9A1E7A4F7556}") = "Chapter_0011", "Chapter_0011\Chapter_0011.csproj", "{4A3A019A-1293-4BA2-A9F2-722B9BCE89C1}"
EndProject
Project("{9A19103F-16F7-4668-BE54-9A1E7A4F7556}") = "Chapter_0012", "Chapter_0012\Chapter_0012.csproj", "{A799A105-CDAB-4478-A801-5C9BB7C439F1}"
EndProject
Project("{9A19103F-16F7-4668-BE54-9A1E7A4F7556}") = "Chapter_0013", "Chapter_0013\Chapter_0013.csproj", "{2340E092-6C13-4C26-9A44-0E7A0714B6C0}"
EndProject
Project("{9A19103F-16F7-4668-BE54-9A1E7A4F7556}") = "Chapter_0014", "Chapter_0014\Chapter_0014.csproj", "{5964D01C-1995-41C4-A8B6-477375248B8E}"
EndProject
Project("{9A19103F-16F7-4668-BE54-9A1E7A4F7556}") = "Chapter_0015", "Chapter_0015\Chapter_0015.csproj", "{72595EC7-5298-4718-8405-1AB1768388EA}"
EndProject
Project("{9A19103F-16F7-4668-BE54-9A1E7A4F7556}") = "Chapter_0016", "Chapter_0016\Chapter_0016.csproj", "{9F4D263F-DBE7-4720-80EC-018830EA020B}"
EndProject
Project("{9A19103F-16F7-4668-BE54-9A1E7A4F7556}") = "Chapter_0017", "Chapter_0017\Chapter_0017.csproj", "{22D14A05-AF14-424A-8A9A-1FF38D394624}"
EndProject
Project("{9A19103F-16F7-4668-BE54-9A1E7A4F7556}") = "Chapter_0018", "Chapter_0018\Chapter_0018.csproj", "{E85B4AE6-47F9-487A-A0EF-E478D3B41702}"
EndProject
Project("{9A19103F-16F7-4668-BE54-9A1E7A4F7556}") = "TakenokoProgramingWebSite", "TakenokoProgramingWebSite\TakenokoProgramingWebSite.csproj", "{1411463C-1036-4C90-91A4-B2A20C4069CE}"
EndProject
Project("{9A19103F-16F7-4668-BE54-9A1E7A4F7556}") = "Chapter_0019", "Chapter_0019\Chapter_0019.csproj", "{05DA2E16-2947-42E2-A07B-A1C80B8161AD}"
EndProject
Project("{9A19103F-16F7-4668-BE54-9A1E7A4F7556}") = "Chapter_0020", "Chapter_0020\Chapter_0020.csproj", "{8369E298-7660-4BCE-8757-43D756B58673}"
EndProject
Project("{9A19103F-16F7-4668-BE54-9A1E7A4F7556}") = "Chapter_0021", "Chapter_0021\Chapter_0021.csproj", "{E100AECF-D6DC-482A-BDE7-F2827B7654FE}"
EndProject
Project("{9A19103F-16F7-4668-BE54-9A1E7A4F7556}") = "TakenokoMusicPlayer", "TakenokoMusicPlayer\TakenokoMusicPlayer.csproj", "{F05D1CE3-0D93-4593-A35A-D4111D90C261}"
EndProject
Project("{9A19103F-16F7-4668-BE54-9A1E7A4F7556}") = "Chapter_0022", "Chapter_0022\Chapter_0022.csproj", "{C6351100-B60F-47F5-8D11-5B1F4B5FAD2D}"
EndProject
Project("{9A19103F-16F7-4668-BE54-9A1E7A4F7556}") = "Chapter_0023", "Chapter_0023\Chapter_0023.csproj", "{32B19344-1748-4E46-920F-9639BE114E26}"
EndProject
Project("{FAE04EC0-301F-11D3-BF4B-00C04F79EFBC}") = "WebAppMySns", "WebAppMySns\WebAppMySns.csproj", "{BDE8E397-3A2C-44F2-981E-1AD7C591D599}"
EndProject
Global
	GlobalSection(SolutionConfigurationPlatforms) = preSolution
		Debug|Any CPU = Debug|Any CPU
		Release|Any CPU = Release|Any CPU
	EndGlobalSection
	GlobalSection(ProjectConfigurationPlatforms) = postSolution
		{16D3F35C-BD0F-4F14-A3DC-0AA0B2E2E08C}.Debug|Any CPU.ActiveCfg = Debug|Any CPU
		{16D3F35C-BD0F-4F14-A3DC-0AA0B2E2E08C}.Debug|Any CPU.Build.0 = Debug|Any CPU
		{16D3F35C-BD0F-4F14-A3DC-0AA0B2E2E08C}.Release|Any CPU.ActiveCfg = Release|Any CPU
		{16D3F35C-BD0F-4F14-A3DC-0AA0B2E2E08C}.Release|Any CPU.Build.0 = Release|Any CPU
		{01AE7B52-057D-42C6-9456-6B724ADD6A8A}.Debug|Any CPU.ActiveCfg = Debug|Any CPU
		{01AE7B52-057D-42C6-9456-6B724ADD6A8A}.Debug|Any CPU.Build.0 = Debug|Any CPU
		{01AE7B52-057D-42C6-9456-6B724ADD6A8A}.Release|Any CPU.ActiveCfg = Release|Any CPU
		{01AE7B52-057D-42C6-9456-6B724ADD6A8A}.Release|Any CPU.Build.0 = Release|Any CPU
		{154A82CC-1A19-4508-95B7-5B44B7D19B05}.Debug|Any CPU.ActiveCfg = Debug|Any CPU
		{154A82CC-1A19-4508-95B7-5B44B7D19B05}.Debug|Any CPU.Build.0 = Debug|Any CPU
		{154A82CC-1A19-4508-95B7-5B44B7D19B05}.Release|Any CPU.ActiveCfg = Release|Any CPU
		{154A82CC-1A19-4508-95B7-5B44B7D19B05}.Release|Any CPU.Build.0 = Release|Any CPU
		{DED360FD-56D3-42D8-8992-C1ABA24F8539}.Debug|Any CPU.ActiveCfg = Debug|Any CPU
		{DED360FD-56D3-42D8-8992-C1ABA24F8539}.Debug|Any CPU.Build.0 = Debug|Any CPU
		{DED360FD-56D3-42D8-8992-C1ABA24F8539}.Release|Any CPU.ActiveCfg = Release|Any CPU
		{DED360FD-56D3-42D8-8992-C1ABA24F8539}.Release|Any CPU.Build.0 = Release|Any CPU
		{F16152EC-C8EF-4312-8DD2-9EF299E85F42}.Debug|Any CPU.ActiveCfg = Debug|Any CPU
		{F16152EC-C8EF-4312-8DD2-9EF299E85F42}.Debug|Any CPU.Build.0 = Debug|Any CPU
		{F16152EC-C8EF-4312-8DD2-9EF299E85F42}.Release|Any CPU.ActiveCfg = Release|Any CPU
		{F16152EC-C8EF-4312-8DD2-9EF299E85F42}.Release|Any CPU.Build.0 = Release|Any CPU
		{F4C31B84-5470-44E8-AE29-7BEF9F66CEBB}.Debug|Any CPU.ActiveCfg = Debug|Any CPU
		{F4C31B84-5470-44E8-AE29-7BEF9F66CEBB}.Debug|Any CPU.Build.0 = Debug|Any CPU
		{F4C31B84-5470-44E8-AE29-7BEF9F66CEBB}.Release|Any CPU.ActiveCfg = Release|Any CPU
		{F4C31B84-5470-44E8-AE29-7BEF9F66CEBB}.Release|Any CPU.Build.0 = Release|Any CPU
		{B56B3EA1-D841-4F8E-AEB8-4578C64BBC1E}.Debug|Any CPU.ActiveCfg = Debug|Any CPU
		{B56B3EA1-D841-4F8E-AEB8-4578C64BBC1E}.Debug|Any CPU.Build.0 = Debug|Any CPU
		{B56B3EA1-D841-4F8E-AEB8-4578C64BBC1E}.Release|Any CPU.ActiveCfg = Release|Any CPU
		{B56B3EA1-D841-4F8E-AEB8-4578C64BBC1E}.Release|Any CPU.Build.0 = Release|Any CPU
		{5AFBEFA5-36F3-4C90-9903-A0BFE3E86E55}.Debug|Any CPU.ActiveCfg = Debug|Any CPU
		{5AFBEFA5-36F3-4C90-9903-A0BFE3E86E55}.Debug|Any CPU.Build.0 = Debug|Any CPU
		{5AFBEFA5-36F3-4C90-9903-A0BFE3E86E55}.Release|Any CPU.ActiveCfg = Release|Any CPU
		{5AFBEFA5-36F3-4C90-9903-A0BFE3E86E55}.Release|Any CPU.Build.0 = Release|Any CPU
		{498C55E2-32C1-411F-8A18-745903D8F501}.Debug|Any CPU.ActiveCfg = Debug|Any CPU
		{498C55E2-32C1-411F-8A18-745903D8F501}.Debug|Any CPU.Build.0 = Debug|Any CPU
		{498C55E2-32C1-411F-8A18-745903D8F501}.Release|Any CPU.ActiveCfg = Release|Any CPU
		{498C55E2-32C1-411F-8A18-745903D8F501}.Release|Any CPU.Build.0 = Release|Any CPU
		{F0833B88-63F7-48A2-BF50-978FB374A059}.Debug|Any CPU.ActiveCfg = Debug|Any CPU
		{F0833B88-63F7-48A2-BF50-978FB374A059}.Debug|Any CPU.Build.0 = Debug|Any CPU
		{F0833B88-63F7-48A2-BF50-978FB374A059}.Release|Any CPU.ActiveCfg = Release|Any CPU
		{F0833B88-63F7-48A2-BF50-978FB374A059}.Release|Any CPU.Build.0 = Release|Any CPU
		{4A3A019A-1293-4BA2-A9F2-722B9BCE89C1}.Debug|Any CPU.ActiveCfg = Debug|Any CPU
		{4A3A019A-1293-4BA2-A9F2-722B9BCE89C1}.Debug|Any CPU.Build.0 = Debug|Any CPU
		{4A3A019A-1293-4BA2-A9F2-722B9BCE89C1}.Release|Any CPU.ActiveCfg = Release|Any CPU
		{4A3A019A-1293-4BA2-A9F2-722B9BCE89C1}.Release|Any CPU.Build.0 = Release|Any CPU
		{A799A105-CDAB-4478-A801-5C9BB7C439F1}.Debug|Any CPU.ActiveCfg = Debug|Any CPU
		{A799A105-CDAB-4478-A801-5C9BB7C439F1}.Debug|Any CPU.Build.0 = Debug|Any CPU
		{A799A105-CDAB-4478-A801-5C9BB7C439F1}.Release|Any CPU.ActiveCfg = Release|Any CPU
		{A799A105-CDAB-4478-A801-5C9BB7C439F1}.Release|Any CPU.Build.0 = Release|Any CPU
		{2340E092-6C13-4C26-9A44-0E7A0714B6C0}.Debug|Any CPU.ActiveCfg = Debug|Any CPU
		{2340E092-6C13-4C26-9A44-0E7A0714B6C0}.Debug|Any CPU.Build.0 = Debug|Any CPU
		{2340E092-6C13-4C26-9A44-0E7A0714B6C0}.Release|Any CPU.ActiveCfg = Release|Any CPU
		{2340E092-6C13-4C26-9A44-0E7A0714B6C0}.Release|Any CPU.Build.0 = Release|Any CPU
		{5964D01C-1995-41C4-A8B6-477375248B8E}.Debug|Any CPU.ActiveCfg = Debug|Any CPU
		{5964D01C-1995-41C4-A8B6-477375248B8E}.Debug|Any CPU.Build.0 = Debug|Any CPU
		{5964D01C-1995-41C4-A8B6-477375248B8E}.Release|Any CPU.ActiveCfg = Release|Any CPU
		{5964D01C-1995-41C4-A8B6-477375248B8E}.Release|Any CPU.Build.0 = Release|Any CPU
		{72595EC7-5298-4718-8405-1AB1768388EA}.Debug|Any CPU.ActiveCfg = Debug|Any CPU
		{72595EC7-5298-4718-8405-1AB1768388EA}.Debug|Any CPU.Build.0 = Debug|Any CPU
		{72595EC7-5298-4718-8405-1AB1768388EA}.Release|Any CPU.ActiveCfg = Release|Any CPU
		{72595EC7-5298-4718-8405-1AB1768388EA}.Release|Any CPU.Build.0 = Release|Any CPU
		{9F4D263F-DBE7-4720-80EC-018830EA020B}.Debug|Any CPU.ActiveCfg = Debug|Any CPU
		{9F4D263F-DBE7-4720-80EC-018830EA020B}.Debug|Any CPU.Build.0 = Debug|Any CPU
		{9F4D263F-DBE7-4720-80EC-018830EA020B}.Release|Any CPU.ActiveCfg = Release|Any CPU
		{9F4D263F-DBE7-4720-80EC-018830EA020B}.Release|Any CPU.Build.0 = Release|Any CPU
		{22D14A05-AF14-424A-8A9A-1FF38D394624}.Debug|Any CPU.ActiveCfg = Debug|Any CPU
		{22D14A05-AF14-424A-8A9A-1FF38D394624}.Debug|Any CPU.Build.0 = Debug|Any CPU
		{22D14A05-AF14-424A-8A9A-1FF38D394624}.Release|Any CPU.ActiveCfg = Release|Any CPU
		{22D14A05-AF14-424A-8A9A-1FF38D394624}.Release|Any CPU.Build.0 = Release|Any CPU
		{E85B4AE6-47F9-487A-A0EF-E478D3B41702}.Debug|Any CPU.ActiveCfg = Debug|Any CPU
		{E85B4AE6-47F9-487A-A0EF-E478D3B41702}.Debug|Any CPU.Build.0 = Debug|Any CPU
		{E85B4AE6-47F9-487A-A0EF-E478D3B41702}.Release|Any CPU.ActiveCfg = Release|Any CPU
		{E85B4AE6-47F9-487A-A0EF-E478D3B41702}.Release|Any CPU.Build.0 = Release|Any CPU
		{1411463C-1036-4C90-91A4-B2A20C4069CE}.Debug|Any CPU.ActiveCfg = Debug|Any CPU
		{1411463C-1036-4C90-91A4-B2A20C4069CE}.Debug|Any CPU.Build.0 = Debug|Any CPU
		{1411463C-1036-4C90-91A4-B2A20C4069CE}.Release|Any CPU.ActiveCfg = Release|Any CPU
		{1411463C-1036-4C90-91A4-B2A20C4069CE}.Release|Any CPU.Build.0 = Release|Any CPU
		{05DA2E16-2947-42E2-A07B-A1C80B8161AD}.Debug|Any CPU.ActiveCfg = Debug|Any CPU
		{05DA2E16-2947-42E2-A07B-A1C80B8161AD}.Debug|Any CPU.Build.0 = Debug|Any CPU
		{05DA2E16-2947-42E2-A07B-A1C80B8161AD}.Release|Any CPU.ActiveCfg = Release|Any CPU
		{05DA2E16-2947-42E2-A07B-A1C80B8161AD}.Release|Any CPU.Build.0 = Release|Any CPU
		{8369E298-7660-4BCE-8757-43D756B58673}.Debug|Any CPU.ActiveCfg = Debug|Any CPU
		{8369E298-7660-4BCE-8757-43D756B58673}.Debug|Any CPU.Build.0 = Debug|Any CPU
		{8369E298-7660-4BCE-8757-43D756B58673}.Release|Any CPU.ActiveCfg = Release|Any CPU
		{8369E298-7660-4BCE-8757-43D756B58673}.Release|Any CPU.Build.0 = Release|Any CPU
		{E100AECF-D6DC-482A-BDE7-F2827B7654FE}.Debug|Any CPU.ActiveCfg = Debug|Any CPU
		{E100AECF-D6DC-482A-BDE7-F2827B7654FE}.Debug|Any CPU.Build.0 = Debug|Any CPU
		{E100AECF-D6DC-482A-BDE7-F2827B7654FE}.Release|Any CPU.ActiveCfg = Release|Any CPU
		{E100AECF-D6DC-482A-BDE7-F2827B7654FE}.Release|Any CPU.Build.0 = Release|Any CPU
		{F05D1CE3-0D93-4593-A35A-D4111D90C261}.Debug|Any CPU.ActiveCfg = Debug|Any CPU
		{F05D1CE3-0D93-4593-A35A-D4111D90C261}.Debug|Any CPU.Build.0 = Debug|Any CPU
		{F05D1CE3-0D93-4593-A35A-D4111D90C261}.Release|Any CPU.ActiveCfg = Release|Any CPU
		{F05D1CE3-0D93-4593-A35A-D4111D90C261}.Release|Any CPU.Build.0 = Release|Any CPU
		{C6351100-B60F-47F5-8D11-5B1F4B5FAD2D}.Debug|Any CPU.ActiveCfg = Debug|Any CPU
		{C6351100-B60F-47F5-8D11-5B1F4B5FAD2D}.Debug|Any CPU.Build.0 = Debug|Any CPU
		{C6351100-B60F-47F5-8D11-5B1F4B5FAD2D}.Release|Any CPU.ActiveCfg = Release|Any CPU
		{C6351100-B60F-47F5-8D11-5B1F4B5FAD2D}.Release|Any CPU.Build.0 = Release|Any CPU
		{32B19344-1748-4E46-920F-9639BE114E26}.Debug|Any CPU.ActiveCfg = Debug|Any CPU
		{32B19344-1748-4E46-920F-9639BE114E26}.Debug|Any CPU.Build.0 = Debug|Any CPU
		{32B19344-1748-4E46-920F-9639BE114E26}.Release|Any CPU.ActiveCfg = Release|Any CPU
		{32B19344-1748-4E46-920F-9639BE114E26}.Release|Any CPU.Build.0 = Release|Any CPU
		{BDE8E397-3A2C-44F2-981E-1AD7C591D599}.Debug|Any CPU.ActiveCfg = Debug|Any CPU
		{BDE8E397-3A2C-44F2-981E-1AD7C591D599}.Debug|Any CPU.Build.0 = Debug|Any CPU
		{BDE8E397-3A2C-44F2-981E-1AD7C591D599}.Release|Any CPU.ActiveCfg = Release|Any CPU
		{BDE8E397-3A2C-44F2-981E-1AD7C591D599}.Release|Any CPU.Build.0 = Release|Any CPU
	EndGlobalSection
	GlobalSection(SolutionProperties) = preSolution
		HideSolutionNode = FALSE
	EndGlobalSection
	GlobalSection(ExtensibilityGlobals) = postSolution
		SolutionGuid = {D4AEE995-A9D7-4BCF-8C59-8DC0001FFD21}
	EndGlobalSection
EndGlobal
