
Microsoft Visual Studio Solution File, Format Version 12.00
# Visual Studio Version 16
VisualStudioVersion = 16.0.30204.135
MinimumVisualStudioVersion = 10.0.40219.1
Project("{9A19103F-16F7-4668-BE54-9A1E7A4F7556}") = "Chapter_0001", "Chapter_0001\Chapter_0001.csproj", "{16D3F35C-BD0F-4F14-A3DC-0AA0B2E2E08C}"
EndProject
Project("{9A19103F-16F7-4668-BE54-9A1E7A4F7556}") = "Chapter_0002", "Chapter_0002\Chapter_0002.csproj", "{01AE7B52-057D-42C6-9456-6B724ADD6A8A}"
EndProject
Project("{9A19103F-16F7-4668-BE54-9A1E7A4F7556}") = "Chapter_0003", "Chapter_0003\Chapter_0003.csproj", "{154A82CC-1A19-4508-95B7-5B44B7D19B05}"
EndProject
Project("{9A19103F-16F7-4668-BE54-9A1E7A4F7556}") = "Chapter_0004", "Chapter_0004\Chapter_0004.csproj", "{DED360FD-56D3-42D8-8992-C1ABA24F8539}"
EndProject
Project("{9A19103F-16F7-4668-BE54-9A1E7A4F7556}") = "Chapter_0005", "Chapter_0005\Chapter_0005.csproj", "{F16152EC-C8EF-4312-8DD2-9EF299E85F42}"
EndProject
Project("{FAE04EC0-301F-11D3-BF4B-00C04F79EFBC}") = "Chapter_0006", "Chapter_0006\Chapter_0006.csproj", "{F4C31B84-5470-44E8-AE29-7BEF9F66CEBB}"
EndProject
Project("{FAE04EC0-301F-11D3-BF4B-00C04F79EFBC}") = "Chapter_0007", "Chapter_0007\Chapter_0007.csproj", "{B56B3EA1-D841-4F8E-AEB8-4578C64BBC1E}"
EndProject
Global
	GlobalSection(SolutionConfigurationPlatforms) = preSolution
		Debug|Any CPU = Debug|Any CPU
		Release|Any CPU = Release|Any CPU
	EndGlobalSection
	GlobalSection(ProjectConfigurationPlatforms) = postSolution
		{16D3F35C-BD0F-4F14-A3DC-0AA0B2E2E08C}.Debug|Any CPU.ActiveCfg = Debug|Any CPU
		{16D3F35C-BD0F-4F14-A3DC-0AA0B2E2E08C}.Debug|Any CPU.Build.0 = Debug|Any CPU
		{16D3F35C-BD0F-4F14-A3DC-0AA0B2E2E08C}.Release|Any CPU.ActiveCfg = Release|Any CPU
		{16D3F35C-BD0F-4F14-A3DC-0AA0B2E2E08C}.Release|Any CPU.Build.0 = Release|Any CPU
		{01AE7B52-057D-42C6-9456-6B724ADD6A8A}.Debug|Any CPU.ActiveCfg = Debug|Any CPU
		{01AE7B52-057D-42C6-9456-6B724ADD6A8A}.Debug|Any CPU.Build.0 = Debug|Any CPU
		{01AE7B52-057D-42C6-9456-6B724ADD6A8A}.Release|Any CPU.ActiveCfg = Release|Any CPU
		{01AE7B52-057D-42C6-9456-6B724ADD6A8A}.Release|Any CPU.Build.0 = Release|Any CPU
		{154A82CC-1A19-4508-95B7-5B44B7D19B05}.Debug|Any CPU.ActiveCfg = Debug|Any CPU
		{154A82CC-1A19-4508-95B7-5B44B7D19B05}.Debug|Any CPU.Build.0 = Debug|Any CPU
		{154A82CC-1A19-4508-95B7-5B44B7D19B05}.Release|Any CPU.ActiveCfg = Release|Any CPU
		{154A82CC-1A19-4508-95B7-5B44B7D19B05}.Release|Any CPU.Build.0 = Release|Any CPU
		{DED360FD-56D3-42D8-8992-C1ABA24F8539}.Debug|Any CPU.ActiveCfg = Debug|Any CPU
		{DED360FD-56D3-42D8-8992-C1ABA24F8539}.Debug|Any CPU.Build.0 = Debug|Any CPU
		{DED360FD-56D3-42D8-8992-C1ABA24F8539}.Release|Any CPU.ActiveCfg = Release|Any CPU
		{DED360FD-56D3-42D8-8992-C1ABA24F8539}.Release|Any CPU.Build.0 = Release|Any CPU
		{F16152EC-C8EF-4312-8DD2-9EF299E85F42}.Debug|Any CPU.ActiveCfg = Debug|Any CPU
		{F16152EC-C8EF-4312-8DD2-9EF299E85F42}.Debug|Any CPU.Build.0 = Debug|Any CPU
		{F16152EC-C8EF-4312-8DD2-9EF299E85F42}.Release|Any CPU.ActiveCfg = Release|Any CPU
		{F16152EC-C8EF-4312-8DD2-9EF299E85F42}.Release|Any CPU.Build.0 = Release|Any CPU
		{F4C31B84-5470-44E8-AE29-7BEF9F66CEBB}.Debug|Any CPU.ActiveCfg = Debug|Any CPU
		{F4C31B84-5470-44E8-AE29-7BEF9F66CEBB}.Debug|Any CPU.Build.0 = Debug|Any CPU
		{F4C31B84-5470-44E8-AE29-7BEF9F66CEBB}.Release|Any CPU.ActiveCfg = Release|Any CPU
		{F4C31B84-5470-44E8-AE29-7BEF9F66CEBB}.Release|Any CPU.Build.0 = Release|Any CPU
		{B56B3EA1-D841-4F8E-AEB8-4578C64BBC1E}.Debug|Any CPU.ActiveCfg = Debug|Any CPU
		{B56B3EA1-D841-4F8E-AEB8-4578C64BBC1E}.Debug|Any CPU.Build.0 = Debug|Any CPU
		{B56B3EA1-D841-4F8E-AEB8-4578C64BBC1E}.Release|Any CPU.ActiveCfg = Release|Any CPU
		{B56B3EA1-D841-4F8E-AEB8-4578C64BBC1E}.Release|Any CPU.Build.0 = Release|Any CPU
	EndGlobalSection
	GlobalSection(SolutionProperties) = preSolution
		HideSolutionNode = FALSE
	EndGlobalSection
	GlobalSection(ExtensibilityGlobals) = postSolution
		SolutionGuid = {D4AEE995-A9D7-4BCF-8C59-8DC0001FFD21}
	EndGlobalSection
EndGlobal
